[[package]]
name = "atomicwrites"
version = "1.4.1"
description = "Atomic file writes."
category = "dev"
optional = false
python-versions = ">=2.7, !=3.0.*, !=3.1.*, !=3.2.*, !=3.3.*"

[[package]]
name = "attrs"
version = "22.1.0"
description = "Classes Without Boilerplate"
category = "dev"
optional = false
python-versions = ">=3.5"

[package.extras]
tests_no_zope = ["cloudpickle", "pytest-mypy-plugins", "mypy (>=0.900,!=0.940)", "pytest (>=4.3.0)", "pympler", "hypothesis", "coverage[toml] (>=5.0.2)"]
tests = ["cloudpickle", "zope.interface", "pytest-mypy-plugins", "mypy (>=0.900,!=0.940)", "pytest (>=4.3.0)", "pympler", "hypothesis", "coverage[toml] (>=5.0.2)"]
docs = ["sphinx-notfound-page", "zope.interface", "sphinx", "furo"]
dev = ["cloudpickle", "pre-commit", "sphinx-notfound-page", "sphinx", "furo", "zope.interface", "pytest-mypy-plugins", "mypy (>=0.900,!=0.940)", "pytest (>=4.3.0)", "pympler", "hypothesis", "coverage[toml] (>=5.0.2)"]

[[package]]
name = "chispa"
version = "0.9.2"
description = "Pyspark test helper library"
category = "dev"
optional = false
python-versions = ">=3.5"

[[package]]
name = "colorama"
version = "0.4.5"
description = "Cross-platform colored terminal text."
category = "dev"
optional = false
python-versions = ">=2.7, !=3.0.*, !=3.1.*, !=3.2.*, !=3.3.*, !=3.4.*"

[[package]]
name = "cython"
version = "0.29.32"
description = "The Cython compiler for writing C extensions for the Python language."
category = "dev"
optional = false
python-versions = ">=2.6, !=3.0.*, !=3.1.*, !=3.2.*"

[[package]]
name = "cytoolz"
version = "0.12.0"
description = "Cython implementation of Toolz: High performance functional utilities"
category = "dev"
optional = false
python-versions = ">=3.5"

[package.dependencies]
toolz = ">=0.8.0"

[package.extras]
cython = ["cython"]

[[package]]
name = "importlib-metadata"
version = "4.12.0"
description = "Read metadata from Python packages"
category = "dev"
optional = false
python-versions = ">=3.7"

[package.dependencies]
typing-extensions = {version = ">=3.6.4", markers = "python_version < \"3.8\""}
zipp = ">=0.5"

[package.extras]
testing = ["importlib-resources (>=1.3)", "pytest-mypy (>=0.9.1)", "pytest-black (>=0.3.7)", "pytest-perf (>=0.9.2)", "flufl.flake8", "pyfakefs", "packaging", "pytest-enabler (>=1.3)", "pytest-cov", "pytest-flake8", "pytest-checkdocs (>=2.4)", "pytest (>=6)"]
perf = ["ipython"]
docs = ["rst.linker (>=1.9)", "jaraco.packaging (>=9)", "sphinx"]

[[package]]
name = "iniconfig"
version = "1.1.1"
description = "iniconfig: brain-dead simple config-ini parsing"
category = "dev"
optional = false
python-versions = "*"

[[package]]
name = "packaging"
version = "21.3"
description = "Core utilities for Python packages"
category = "dev"
optional = false
python-versions = ">=3.6"

[package.dependencies]
pyparsing = ">=2.0.2,<3.0.5 || >3.0.5"

[[package]]
name = "pluggy"
version = "1.0.0"
description = "plugin and hook calling mechanisms for python"
category = "dev"
optional = false
python-versions = ">=3.6"

[package.dependencies]
importlib-metadata = {version = ">=0.12", markers = "python_version < \"3.8\""}

[package.extras]
testing = ["pytest-benchmark", "pytest"]
dev = ["tox", "pre-commit"]

[[package]]
name = "py"
version = "1.11.0"
description = "library with cross-python path, ini-parsing, io, code, log facilities"
category = "dev"
optional = false
python-versions = ">=2.7, !=3.0.*, !=3.1.*, !=3.2.*, !=3.3.*, !=3.4.*"

[[package]]
name = "py4j"
version = "0.10.9"
description = "Enables Python programs to dynamically access arbitrary Java objects"
category = "dev"
optional = false
python-versions = "*"

[[package]]
name = "pyparsing"
version = "3.0.9"
description = "pyparsing module - Classes and methods to define and execute parsing grammars"
category = "dev"
optional = false
python-versions = ">=3.6.8"

[package.extras]
diagrams = ["jinja2", "railroad-diagrams"]

[[package]]
name = "pyspark"
version = "3.0.0"
description = "Apache Spark Python API"
category = "dev"
optional = false
python-versions = "*"

[package.dependencies]
py4j = "0.10.9"

[package.extras]
ml = ["numpy (>=1.7)"]
mllib = ["numpy (>=1.7)"]
sql = ["pandas (>=0.23.2)", "pyarrow (>=0.15.1)"]

[[package]]
name = "pytest"
version = "7.1.2"
description = "pytest: simple powerful testing with Python"
category = "dev"
optional = false
python-versions = ">=3.7"

[package.dependencies]
atomicwrites = {version = ">=1.0", markers = "sys_platform == \"win32\""}
attrs = ">=19.2.0"
colorama = {version = "*", markers = "sys_platform == \"win32\""}
importlib-metadata = {version = ">=0.12", markers = "python_version < \"3.8\""}
iniconfig = "*"
packaging = "*"
pluggy = ">=0.12,<2.0"
py = ">=1.8.2"
tomli = ">=1.0.0"

[package.extras]
testing = ["xmlschema", "requests", "pygments (>=2.7.2)", "nose", "mock", "hypothesis (>=3.56)", "argcomplete"]

[[package]]
name = "pytest-describe"
version = "2.0.1"
description = "Describe-style plugin for pytest"
category = "dev"
optional = false
python-versions = "*"

[package.dependencies]
pytest = ">=4.0.0"

[[package]]
name = "tomli"
version = "2.0.1"
description = "A lil' TOML parser"
category = "dev"
optional = false
python-versions = ">=3.7"

[[package]]
name = "toolz"
version = "0.12.0"
description = "List processing tools and functional utilities"
category = "dev"
optional = false
python-versions = ">=3.5"

[[package]]
name = "typing-extensions"
version = "4.3.0"
description = "Backported and Experimental Type Hints for Python 3.7+"
category = "dev"
optional = false
python-versions = ">=3.7"

[[package]]
name = "zipp"
version = "3.8.1"
description = "Backport of pathlib-compatible object wrapper for zip files"
category = "dev"
optional = false
python-versions = ">=3.7"

[package.extras]
testing = ["pytest-mypy (>=0.9.1)", "pytest-black (>=0.3.7)", "func-timeout", "jaraco.itertools", "pytest-enabler (>=1.3)", "pytest-cov", "pytest-flake8", "pytest-checkdocs (>=2.4)", "pytest (>=6)"]
docs = ["jaraco.tidelift (>=1.4)", "rst.linker (>=1.9)", "jaraco.packaging (>=9)", "sphinx"]

[metadata]
lock-version = "1.1"
python-versions = ">=3.7"
content-hash = "fab256c085d9fcd7bef95b3cefa675730f00a58a537ea485cca6fe41626a4552"

[metadata.files]
atomicwrites = [
    {file = "atomicwrites-1.4.1.tar.gz", hash = "sha256:81b2c9071a49367a7f770170e5eec8cb66567cfbbc8c73d20ce5ca4a8d71cf11"},
]
attrs = [
    {file = "attrs-22.1.0-py2.py3-none-any.whl", hash = "sha256:86efa402f67bf2df34f51a335487cf46b1ec130d02b8d39fd248abfd30da551c"},
    {file = "attrs-22.1.0.tar.gz", hash = "sha256:29adc2665447e5191d0e7c568fde78b21f9672d344281d0c6e1ab085429b22b6"},
]
chispa = [
    {file = "chispa-0.9.2-py3-none-any.whl", hash = "sha256:c6eae922f5c3ccd08f4dc3707202291bb249e68e319d0641795d92d80cfb1cad"},
    {file = "chispa-0.9.2.tar.gz", hash = "sha256:621ad2e64fd27e7372c7b90ab2d5ad1f8dd69b737a3421ba5b6f84b113a18b84"},
]
colorama = [
    {file = "colorama-0.4.5-py2.py3-none-any.whl", hash = "sha256:854bf444933e37f5824ae7bfc1e98d5bce2ebe4160d46b5edf346a89358e99da"},
    {file = "colorama-0.4.5.tar.gz", hash = "sha256:e6c6b4334fc50988a639d9b98aa429a0b57da6e17b9a44f0451f930b6967b7a4"},
]
cython = [
    {file = "Cython-0.29.32-cp27-cp27m-manylinux_2_5_i686.manylinux1_i686.whl", hash = "sha256:39afb4679b8c6bf7ccb15b24025568f4f9b4d7f9bf3cbd981021f542acecd75b"},
    {file = "Cython-0.29.32-cp27-cp27m-manylinux_2_5_x86_64.manylinux1_x86_64.whl", hash = "sha256:dbee03b8d42dca924e6aa057b836a064c769ddfd2a4c2919e65da2c8a362d528"},
    {file = "Cython-0.29.32-cp27-cp27mu-manylinux_2_5_i686.manylinux1_i686.whl", hash = "sha256:5ba622326f2862f9c1f99ca8d47ade49871241920a352c917e16861e25b0e5c3"},
    {file = "Cython-0.29.32-cp27-cp27mu-manylinux_2_5_x86_64.manylinux1_x86_64.whl", hash = "sha256:e6ffa08aa1c111a1ebcbd1cf4afaaec120bc0bbdec3f2545f8bb7d3e8e77a1cd"},
    {file = "Cython-0.29.32-cp310-cp310-manylinux_2_17_aarch64.manylinux2014_aarch64.manylinux_2_24_aarch64.whl", hash = "sha256:97335b2cd4acebf30d14e2855d882de83ad838491a09be2011745579ac975833"},
    {file = "Cython-0.29.32-cp310-cp310-manylinux_2_17_x86_64.manylinux2014_x86_64.manylinux_2_24_x86_64.whl", hash = "sha256:06be83490c906b6429b4389e13487a26254ccaad2eef6f3d4ee21d8d3a4aaa2b"},
    {file = "Cython-0.29.32-cp310-cp310-manylinux_2_5_i686.manylinux1_i686.manylinux_2_24_i686.whl", hash = "sha256:eefd2b9a5f38ded8d859fe96cc28d7d06e098dc3f677e7adbafda4dcdd4a461c"},
    {file = "Cython-0.29.32-cp310-cp310-musllinux_1_1_x86_64.whl", hash = "sha256:5514f3b4122cb22317122a48e175a7194e18e1803ca555c4c959d7dfe68eaf98"},
    {file = "Cython-0.29.32-cp311-cp311-manylinux_2_17_aarch64.manylinux2014_aarch64.manylinux_2_24_aarch64.whl", hash = "sha256:656dc5ff1d269de4d11ee8542f2ffd15ab466c447c1f10e5b8aba6f561967276"},
    {file = "Cython-0.29.32-cp311-cp311-manylinux_2_17_x86_64.manylinux2014_x86_64.manylinux_2_24_x86_64.whl", hash = "sha256:cdf10af3e2e3279dc09fdc5f95deaa624850a53913f30350ceee824dc14fc1a6"},
    {file = "Cython-0.29.32-cp311-cp311-manylinux_2_5_i686.manylinux1_i686.manylinux_2_24_i686.whl", hash = "sha256:3875c2b2ea752816a4d7ae59d45bb546e7c4c79093c83e3ba7f4d9051dd02928"},
    {file = "Cython-0.29.32-cp311-cp311-musllinux_1_1_x86_64.whl", hash = "sha256:79e3bab19cf1b021b613567c22eb18b76c0c547b9bc3903881a07bfd9e7e64cf"},
    {file = "Cython-0.29.32-cp35-cp35m-manylinux_2_5_i686.manylinux1_i686.whl", hash = "sha256:b0595aee62809ba353cebc5c7978e0e443760c3e882e2c7672c73ffe46383673"},
    {file = "Cython-0.29.32-cp35-cp35m-manylinux_2_5_x86_64.manylinux1_x86_64.whl", hash = "sha256:0ea8267fc373a2c5064ad77d8ff7bf0ea8b88f7407098ff51829381f8ec1d5d9"},
    {file = "Cython-0.29.32-cp36-cp36m-manylinux_2_17_aarch64.manylinux2014_aarch64.manylinux_2_24_aarch64.whl", hash = "sha256:c8e8025f496b5acb6ba95da2fb3e9dacffc97d9a92711aacfdd42f9c5927e094"},
    {file = "Cython-0.29.32-cp36-cp36m-manylinux_2_17_x86_64.manylinux2014_x86_64.manylinux_2_24_x86_64.whl", hash = "sha256:afbce249133a830f121b917f8c9404a44f2950e0e4f5d1e68f043da4c2e9f457"},
    {file = "Cython-0.29.32-cp36-cp36m-manylinux_2_5_i686.manylinux1_i686.manylinux_2_24_i686.whl", hash = "sha256:513e9707407608ac0d306c8b09d55a28be23ea4152cbd356ceaec0f32ef08d65"},
    {file = "Cython-0.29.32-cp36-cp36m-manylinux_2_5_i686.manylinux1_i686.whl", hash = "sha256:e83228e0994497900af954adcac27f64c9a57cd70a9ec768ab0cb2c01fd15cf1"},
    {file = "Cython-0.29.32-cp36-cp36m-manylinux_2_5_x86_64.manylinux1_x86_64.whl", hash = "sha256:ea1dcc07bfb37367b639415333cfbfe4a93c3be340edf1db10964bc27d42ed64"},
    {file = "Cython-0.29.32-cp36-cp36m-musllinux_1_1_x86_64.whl", hash = "sha256:8669cadeb26d9a58a5e6b8ce34d2c8986cc3b5c0bfa77eda6ceb471596cb2ec3"},
    {file = "Cython-0.29.32-cp37-cp37m-manylinux_2_17_aarch64.manylinux2014_aarch64.manylinux_2_24_aarch64.whl", hash = "sha256:ed087eeb88a8cf96c60fb76c5c3b5fb87188adee5e179f89ec9ad9a43c0c54b3"},
    {file = "Cython-0.29.32-cp37-cp37m-manylinux_2_17_x86_64.manylinux2014_x86_64.manylinux_2_24_x86_64.whl", hash = "sha256:3f85eb2343d20d91a4ea9cf14e5748092b376a64b7e07fc224e85b2753e9070b"},
    {file = "Cython-0.29.32-cp37-cp37m-manylinux_2_5_i686.manylinux1_i686.manylinux_2_24_i686.whl", hash = "sha256:63b79d9e1f7c4d1f498ab1322156a0d7dc1b6004bf981a8abda3f66800e140cd"},
    {file = "Cython-0.29.32-cp37-cp37m-manylinux_2_5_i686.manylinux1_i686.whl", hash = "sha256:e1958e0227a4a6a2c06fd6e35b7469de50adf174102454db397cec6e1403cce3"},
    {file = "Cython-0.29.32-cp37-cp37m-manylinux_2_5_x86_64.manylinux1_x86_64.whl", hash = "sha256:856d2fec682b3f31583719cb6925c6cdbb9aa30f03122bcc45c65c8b6f515754"},
    {file = "Cython-0.29.32-cp37-cp37m-musllinux_1_1_x86_64.whl", hash = "sha256:479690d2892ca56d34812fe6ab8f58e4b2e0129140f3d94518f15993c40553da"},
    {file = "Cython-0.29.32-cp38-cp38-manylinux_2_17_aarch64.manylinux2014_aarch64.manylinux_2_24_aarch64.whl", hash = "sha256:67fdd2f652f8d4840042e2d2d91e15636ba2bcdcd92e7e5ffbc68e6ef633a754"},
    {file = "Cython-0.29.32-cp38-cp38-manylinux_2_17_x86_64.manylinux2014_x86_64.manylinux_2_24_x86_64.whl", hash = "sha256:4a4b03ab483271f69221c3210f7cde0dcc456749ecf8243b95bc7a701e5677e0"},
    {file = "Cython-0.29.32-cp38-cp38-manylinux_2_5_i686.manylinux1_i686.manylinux_2_24_i686.whl", hash = "sha256:40eff7aa26e91cf108fd740ffd4daf49f39b2fdffadabc7292b4b7dc5df879f0"},
    {file = "Cython-0.29.32-cp38-cp38-manylinux_2_5_i686.manylinux1_i686.whl", hash = "sha256:0bbc27abdf6aebfa1bce34cd92bd403070356f28b0ecb3198ff8a182791d58b9"},
    {file = "Cython-0.29.32-cp38-cp38-manylinux_2_5_x86_64.manylinux1_x86_64.whl", hash = "sha256:cddc47ec746a08603037731f5d10aebf770ced08666100bd2cdcaf06a85d4d1b"},
    {file = "Cython-0.29.32-cp38-cp38-musllinux_1_1_x86_64.whl", hash = "sha256:eca3065a1279456e81c615211d025ea11bfe4e19f0c5650b859868ca04b3fcbd"},
    {file = "Cython-0.29.32-cp39-cp39-manylinux_2_17_aarch64.manylinux2014_aarch64.manylinux_2_24_aarch64.whl", hash = "sha256:d968ffc403d92addf20b68924d95428d523436adfd25cf505d427ed7ba3bee8b"},
    {file = "Cython-0.29.32-cp39-cp39-manylinux_2_17_x86_64.manylinux2014_x86_64.manylinux_2_24_x86_64.whl", hash = "sha256:f3fd44cc362eee8ae569025f070d56208908916794b6ab21e139cea56470a2b3"},
    {file = "Cython-0.29.32-cp39-cp39-manylinux_2_5_i686.manylinux1_i686.manylinux_2_24_i686.whl", hash = "sha256:b6da3063c5c476f5311fd76854abae6c315f1513ef7d7904deed2e774623bbb9"},
    {file = "Cython-0.29.32-cp39-cp39-manylinux_2_5_i686.manylinux1_i686.whl", hash = "sha256:061e25151c38f2361bc790d3bcf7f9d9828a0b6a4d5afa56fbed3bd33fb2373a"},
    {file = "Cython-0.29.32-cp39-cp39-manylinux_2_5_x86_64.manylinux1_x86_64.whl", hash = "sha256:f9944013588a3543fca795fffb0a070a31a243aa4f2d212f118aa95e69485831"},
    {file = "Cython-0.29.32-cp39-cp39-musllinux_1_1_x86_64.whl", hash = "sha256:07d173d3289415bb496e72cb0ddd609961be08fe2968c39094d5712ffb78672b"},
    {file = "Cython-0.29.32-py2.py3-none-any.whl", hash = "sha256:eeb475eb6f0ccf6c039035eb4f0f928eb53ead88777e0a760eccb140ad90930b"},
    {file = "Cython-0.29.32.tar.gz", hash = "sha256:8733cf4758b79304f2a4e39ebfac5e92341bce47bcceb26c1254398b2f8c1af7"},
]
cytoolz = [
    {file = "cytoolz-0.12.0-cp310-cp310-macosx_10_9_x86_64.whl", hash = "sha256:8237612fed78d4580e94141a74ac0977f5a9614dd7fa8f3d2fcb30e6d04e73aa"},
    {file = "cytoolz-0.12.0-cp310-cp310-macosx_11_0_arm64.whl", hash = "sha256:798dff7a40adbb3dfa2d50499c2038779061ebc37eccedaf28fa296cb517b84e"},
    {file = "cytoolz-0.12.0-cp310-cp310-manylinux_2_17_aarch64.manylinux2014_aarch64.whl", hash = "sha256:336551092eb1cfc2ad5878cc08ef290f744843f84c1dda06f9e4a84d2c440b73"},
    {file = "cytoolz-0.12.0-cp310-cp310-manylinux_2_17_ppc64le.manylinux2014_ppc64le.whl", hash = "sha256:79b46cda959f026bd9fc33b4046294b32bd5e7664a4cf607179f80ac93844e7f"},
    {file = "cytoolz-0.12.0-cp310-cp310-manylinux_2_17_s390x.manylinux2014_s390x.whl", hash = "sha256:b716f66b5ee72dbf9a001316ffe72afe0bb8f6ce84e341aec64291c0ff16b9f4"},
    {file = "cytoolz-0.12.0-cp310-cp310-manylinux_2_17_x86_64.manylinux2014_x86_64.whl", hash = "sha256:9ac7758c5c5a66664285831261a9af8e0af504026e0987cd01535045945df6e1"},
    {file = "cytoolz-0.12.0-cp310-cp310-manylinux_2_5_i686.manylinux1_i686.manylinux_2_17_i686.manylinux2014_i686.whl", hash = "sha256:337c9a3ce2929c6361bcc1b304ce81ed675078a34c203dbb7c3e154f7ed1cca8"},
    {file = "cytoolz-0.12.0-cp310-cp310-musllinux_1_1_aarch64.whl", hash = "sha256:ee1fe1a3d0c8c456c3fbf62f28d178f870d14302fcd1edbc240b717ae3ab08de"},
    {file = "cytoolz-0.12.0-cp310-cp310-musllinux_1_1_i686.whl", hash = "sha256:f1f5c1ef04240b323b9e6b87d4b1d7f14b735e284a33b18a509537a10f62715c"},
    {file = "cytoolz-0.12.0-cp310-cp310-musllinux_1_1_ppc64le.whl", hash = "sha256:25c037a7b4f49730ccc295a03cd2217ba67ff43ac0918299f5f368271433ff0f"},
    {file = "cytoolz-0.12.0-cp310-cp310-musllinux_1_1_s390x.whl", hash = "sha256:38e3386f63ebaea46a4ee0bfefc9a38590c3b78ab86439766b5225443468a76b"},
    {file = "cytoolz-0.12.0-cp310-cp310-musllinux_1_1_x86_64.whl", hash = "sha256:cb072fa81caab93a5892c4b69dfe0d48f52026a7fe83ba2567020a7995a456e7"},
    {file = "cytoolz-0.12.0-cp310-cp310-win32.whl", hash = "sha256:a4acf6cb20f01a5eb5b6d459e08fb92aacfb4de8bc97e25437c1a3e71860b452"},
    {file = "cytoolz-0.12.0-cp310-cp310-win_amd64.whl", hash = "sha256:7fe93ffde090e2867f8ce4369d0c1abf5651817a74a3d0a4da2b1ffd412603ff"},
    {file = "cytoolz-0.12.0-cp36-cp36m-macosx_10_9_x86_64.whl", hash = "sha256:d212296e996a70db8d9e1c0622bc8aefa732eb0416b5441624d0fd5b853ea391"},
    {file = "cytoolz-0.12.0-cp36-cp36m-manylinux_2_17_aarch64.manylinux2014_aarch64.whl", hash = "sha256:231d87ffb5fc468989e35336a2f8da1c9b8d97cfd9300cf2df32e953e4d20cae"},
    {file = "cytoolz-0.12.0-cp36-cp36m-manylinux_2_17_ppc64le.manylinux2014_ppc64le.whl", hash = "sha256:f26079bc2d0b7aa1a185516ac9f7cda0d7932da6c60589bfed4079e3a5369e83"},
    {file = "cytoolz-0.12.0-cp36-cp36m-manylinux_2_17_s390x.manylinux2014_s390x.whl", hash = "sha256:d511dd49eb1263ccb4e5f84ae1478dc2824d66b813cdf700e1ba593faa256ade"},
    {file = "cytoolz-0.12.0-cp36-cp36m-manylinux_2_17_x86_64.manylinux2014_x86_64.whl", hash = "sha256:fa5ded9f811c36668239adb4806fca1244b06add4d64af31119c279aab1ef8a6"},
    {file = "cytoolz-0.12.0-cp36-cp36m-manylinux_2_5_i686.manylinux1_i686.manylinux_2_17_i686.manylinux2014_i686.whl", hash = "sha256:c818a382b828e960fbbedbc85663414edbbba816c2bf8c1bb5651305d79bdb97"},
    {file = "cytoolz-0.12.0-cp36-cp36m-musllinux_1_1_aarch64.whl", hash = "sha256:1c22255e7458feb6f43d99c9578396e91d5934757c552128f6afd3b093b41c00"},
    {file = "cytoolz-0.12.0-cp36-cp36m-musllinux_1_1_i686.whl", hash = "sha256:5b7079b3197256ac6bf73f8b9484d514fac68a36d05513b9e5247354d6fc2885"},
    {file = "cytoolz-0.12.0-cp36-cp36m-musllinux_1_1_ppc64le.whl", hash = "sha256:2ee9ca2cfc939607926096c7cc6f298cee125f8ca53a4f46745f8dfbb7fb7ab1"},
    {file = "cytoolz-0.12.0-cp36-cp36m-musllinux_1_1_s390x.whl", hash = "sha256:8c0101bb2b2bcc0de2e2eb288a132c261e5fa883b1423799b47d4f0cfd879cd6"},
    {file = "cytoolz-0.12.0-cp36-cp36m-musllinux_1_1_x86_64.whl", hash = "sha256:4b8b1d9764d08782caa8ba0e91d76b95b973a82f4ce2a3f9c7e726bfeaddbdfa"},
    {file = "cytoolz-0.12.0-cp36-cp36m-win32.whl", hash = "sha256:f71b49a41826a8e7fd464d6991134a6d022a666be4e76d517850abbea561c909"},
    {file = "cytoolz-0.12.0-cp36-cp36m-win_amd64.whl", hash = "sha256:ae7f417bb2b4e3906e525b3dbe944791dfa9248faea719c7a9c200aa1a019a4e"},
    {file = "cytoolz-0.12.0-cp37-cp37m-macosx_10_9_x86_64.whl", hash = "sha256:b05dc257996c0accf6f877b1f212f74dc134b39c46baac09e1894d9d9c970b6a"},
    {file = "cytoolz-0.12.0-cp37-cp37m-manylinux_2_17_aarch64.manylinux2014_aarch64.whl", hash = "sha256:a2cca43caea857e761cc458ffb4f7af397a13824c5e71341ca08035ff5ff0b27"},
    {file = "cytoolz-0.12.0-cp37-cp37m-manylinux_2_17_ppc64le.manylinux2014_ppc64le.whl", hash = "sha256:dd840adfe027d379e7aede973bc0e193e6eef9b33d46d1d42826e26db9b37d7e"},
    {file = "cytoolz-0.12.0-cp37-cp37m-manylinux_2_17_s390x.manylinux2014_s390x.whl", hash = "sha256:94b067c88de0eaca174211c8422b3f72cbfb63b101a0eeb528c4f21282ca0afe"},
    {file = "cytoolz-0.12.0-cp37-cp37m-manylinux_2_17_x86_64.manylinux2014_x86_64.whl", hash = "sha256:db619f17705067f1f112d3e84a0904b2f04117e50cefc4016f435ff0dc59bc4e"},
    {file = "cytoolz-0.12.0-cp37-cp37m-manylinux_2_5_i686.manylinux1_i686.manylinux_2_17_i686.manylinux2014_i686.whl", hash = "sha256:3e8335998e21205574fc7d8d17844a9cc0dd4cbb25bb7716d90683a935d2c879"},
    {file = "cytoolz-0.12.0-cp37-cp37m-musllinux_1_1_aarch64.whl", hash = "sha256:46b9f4af719b113c01a4144c52fc4b929f98a47017a5408e3910050f4641126b"},
    {file = "cytoolz-0.12.0-cp37-cp37m-musllinux_1_1_i686.whl", hash = "sha256:2d29cf7a44a8abaeb00537e3bad7abf823fce194fe707c366f81020d384e22f7"},
    {file = "cytoolz-0.12.0-cp37-cp37m-musllinux_1_1_ppc64le.whl", hash = "sha256:02dc4565a8d27c9f3e87b715c0a300890e17c94ba1294af61c4ba97aa8482b22"},
    {file = "cytoolz-0.12.0-cp37-cp37m-musllinux_1_1_s390x.whl", hash = "sha256:2bd1c692ab706acb46cfebe7105945b07f7274598097e32c8979d3b22ae62cc6"},
    {file = "cytoolz-0.12.0-cp37-cp37m-musllinux_1_1_x86_64.whl", hash = "sha256:d035805dcdefcdfe64d97d6e1e7603798588d5e1ae08e61a5dae3258c3cb407a"},
    {file = "cytoolz-0.12.0-cp37-cp37m-win32.whl", hash = "sha256:9ecdd6e2be8d59b76c2bd3e2d832e7b3d5b2535c418b13cfa85e3b17de985199"},
    {file = "cytoolz-0.12.0-cp37-cp37m-win_amd64.whl", hash = "sha256:3a5408a74df84e84aa1c86a2f9f2ffaed51a55f34bbad5b8fae547cb9167e977"},
    {file = "cytoolz-0.12.0-cp38-cp38-macosx_10_9_x86_64.whl", hash = "sha256:1cf9ae77eed57924becd3ab65ae24487d7b1f9823d3e685d796e58f57424f82a"},
    {file = "cytoolz-0.12.0-cp38-cp38-macosx_11_0_arm64.whl", hash = "sha256:dc8df9adfca0da9956589f53764d459389ce86d824663c7217422232f1dfbc9d"},
    {file = "cytoolz-0.12.0-cp38-cp38-manylinux_2_17_aarch64.manylinux2014_aarch64.whl", hash = "sha256:edf460dc6bed081f274cd3d8ae162dd7e382014161d65edcdec832035d93901b"},
    {file = "cytoolz-0.12.0-cp38-cp38-manylinux_2_17_ppc64le.manylinux2014_ppc64le.whl", hash = "sha256:f5784adcdb285e70b61efc1a369cd61c6b7f1e0b5d521651f93cde09549681f5"},
    {file = "cytoolz-0.12.0-cp38-cp38-manylinux_2_17_s390x.manylinux2014_s390x.whl", hash = "sha256:09fac69cebcb79a6ed75565fe2de9511be6e3d93f30dad115832cc1a3933b6ce"},
    {file = "cytoolz-0.12.0-cp38-cp38-manylinux_2_17_x86_64.manylinux2014_x86_64.whl", hash = "sha256:1744217505b835fcf55d82d67addd0d361791c4fd6a2f485f034b343ffc7edb3"},
    {file = "cytoolz-0.12.0-cp38-cp38-manylinux_2_5_i686.manylinux1_i686.manylinux_2_17_i686.manylinux2014_i686.whl", hash = "sha256:6fa49cfaa0eedad59d8357a482bd10e2cc2a12ad9f41aae53427e82d3eba068a"},
    {file = "cytoolz-0.12.0-cp38-cp38-musllinux_1_1_aarch64.whl", hash = "sha256:c9f8c9b3cfa20b4ce6a89b7e2e7ffda76bdd81e95b7d20bbb2c47c2b31e72622"},
    {file = "cytoolz-0.12.0-cp38-cp38-musllinux_1_1_i686.whl", hash = "sha256:0c9fe89548b1dc7c8b3160758d192791b32bd42b1c244a20809a1053a9d74428"},
    {file = "cytoolz-0.12.0-cp38-cp38-musllinux_1_1_ppc64le.whl", hash = "sha256:d61bc1713662e7d9aa3e298dad790dfd027c5c0f1342c36be8401aebe3d3d453"},
    {file = "cytoolz-0.12.0-cp38-cp38-musllinux_1_1_s390x.whl", hash = "sha256:69c04ae878d5bcde5462e7290f950bfce11fd139ec4b481687983326658e6dbe"},
    {file = "cytoolz-0.12.0-cp38-cp38-musllinux_1_1_x86_64.whl", hash = "sha256:21986f4a970c03ca84806b3a08e89386ac4aeb54c9b79d6a7268e83225331a87"},
    {file = "cytoolz-0.12.0-cp38-cp38-win32.whl", hash = "sha256:e17516a102731bcf86446ce148127a8cd2887cf27ac388990cd63881115b4fdc"},
    {file = "cytoolz-0.12.0-cp38-cp38-win_amd64.whl", hash = "sha256:16748ea2b40c5978190d9acf9aa8fbacbfb440964c1035dc16cb14dbd557edb5"},
    {file = "cytoolz-0.12.0-cp39-cp39-macosx_10_9_x86_64.whl", hash = "sha256:02583c9fd4668f9e343ad4fc0e0f9651b1a0c16fe92bd208d07fd07de90fdc99"},
    {file = "cytoolz-0.12.0-cp39-cp39-macosx_11_0_arm64.whl", hash = "sha256:ee92dadb312e657b9b666a0385fafc6dad073d8a0fbef5cea09e21011554206a"},
    {file = "cytoolz-0.12.0-cp39-cp39-manylinux_2_17_aarch64.manylinux2014_aarch64.whl", hash = "sha256:12d3d11ceb0fce8be5463f1e363366888c4b71e68fb2f5d536e4790b933cfd7e"},
    {file = "cytoolz-0.12.0-cp39-cp39-manylinux_2_17_ppc64le.manylinux2014_ppc64le.whl", hash = "sha256:6f87472837c26b3bc91f9767c7adcfb935d0c097937c6744250672cd8c36019d"},
    {file = "cytoolz-0.12.0-cp39-cp39-manylinux_2_17_s390x.manylinux2014_s390x.whl", hash = "sha256:7244fb0d0b87499becc29051b82925e0daf3838e6c352e6b2d62e0f969b090af"},
    {file = "cytoolz-0.12.0-cp39-cp39-manylinux_2_17_x86_64.manylinux2014_x86_64.whl", hash = "sha256:deb8550f487de756f1c24c56fa2c8451a53c0346868c13899c6b3a39b1f3d2c3"},
    {file = "cytoolz-0.12.0-cp39-cp39-manylinux_2_5_i686.manylinux1_i686.manylinux_2_17_i686.manylinux2014_i686.whl", hash = "sha256:f959c1319b7e6ed3367b0f5a54a7b9c59063bd053c74278b27999db013e568df"},
    {file = "cytoolz-0.12.0-cp39-cp39-musllinux_1_1_aarch64.whl", hash = "sha256:8f40897f6f341e03a945759fcdb2208dc7c64dc312386d3088c47b78fca2a3b2"},
    {file = "cytoolz-0.12.0-cp39-cp39-musllinux_1_1_i686.whl", hash = "sha256:68336dfbe00efebbb1d02b8aa00b570dceec5d03fbd818c620aa246a8f5e5409"},
    {file = "cytoolz-0.12.0-cp39-cp39-musllinux_1_1_ppc64le.whl", hash = "sha256:886b3bf8fa99510836107097a5e5a2bd81631d3795dedc5684e25bef6538ac39"},
    {file = "cytoolz-0.12.0-cp39-cp39-musllinux_1_1_s390x.whl", hash = "sha256:0f94b4a3500345de5853d1896b7e770ce4a6577a431f43ff7d8f05f9051aeb7d"},
    {file = "cytoolz-0.12.0-cp39-cp39-musllinux_1_1_x86_64.whl", hash = "sha256:9dd7dbdfc24ed309af96be170c9030f43713950afab2b4bed1d372a91b37cbb0"},
    {file = "cytoolz-0.12.0-cp39-cp39-win32.whl", hash = "sha256:ed8771e36430fb0e4398030569bdab1419e4e74f7bcd51ea57239aa95441983a"},
    {file = "cytoolz-0.12.0-cp39-cp39-win_amd64.whl", hash = "sha256:a15157f4280f6e5d7c2d0892847a6c4dffbd2c5cefccaf1ac1f1c6c3d2cf9936"},
    {file = "cytoolz-0.12.0-pp37-pypy37_pp73-macosx_10_9_x86_64.whl", hash = "sha256:ae403cac13c2b9a2a92e56468ca1f822899b64d75d5be8ca802f1c14870d9133"},
    {file = "cytoolz-0.12.0-pp37-pypy37_pp73-manylinux_2_17_aarch64.manylinux2014_aarch64.whl", hash = "sha256:c4ff74cb0e1a50de7f59e54a156dfd734b6593008f6f804d0726a73b89d170cd"},
    {file = "cytoolz-0.12.0-pp37-pypy37_pp73-manylinux_2_5_i686.manylinux1_i686.manylinux_2_17_i686.manylinux2014_i686.whl", hash = "sha256:f24e70d29223cde8ce3f5aefa7fd06bda12ae4386dcfbc726773e95b099cde0d"},
    {file = "cytoolz-0.12.0-pp37-pypy37_pp73-manylinux_2_5_x86_64.manylinux1_x86_64.manylinux_2_17_x86_64.manylinux2014_x86_64.whl", hash = "sha256:1a79658fd264c5f82ea1b5cb45cf3899afabd9ec3e58c333bea042a2b4a94134"},
    {file = "cytoolz-0.12.0-pp37-pypy37_pp73-win_amd64.whl", hash = "sha256:ef4a496a3175aec595ae24ad03e0bb2fe76401f8f79e7ef3d344533ba990ec0e"},
    {file = "cytoolz-0.12.0-pp38-pypy38_pp73-macosx_10_9_x86_64.whl", hash = "sha256:bb0fc2ed8efa89f31ffa99246b1d434ff3db2b7b7e35147486172da849c8024a"},
    {file = "cytoolz-0.12.0-pp38-pypy38_pp73-manylinux_2_17_aarch64.manylinux2014_aarch64.whl", hash = "sha256:59263f296e043d4210dd34f91e6f11c4b20e6195976da23170d5ad056030258a"},
    {file = "cytoolz-0.12.0-pp38-pypy38_pp73-manylinux_2_5_i686.manylinux1_i686.manylinux_2_17_i686.manylinux2014_i686.whl", hash = "sha256:274bc965cd93d6fa0bfe6f770cf6549bbe58d7b0a48dd6893d3f2c4b495d7f95"},
    {file = "cytoolz-0.12.0-pp38-pypy38_pp73-manylinux_2_5_x86_64.manylinux1_x86_64.manylinux_2_17_x86_64.manylinux2014_x86_64.whl", hash = "sha256:a8feb4d056c22983723278160aff8a28c507b0e942768f4e856539a60e7bb874"},
    {file = "cytoolz-0.12.0-pp38-pypy38_pp73-win_amd64.whl", hash = "sha256:09f5652caeac85e3735bd5aaed49ebf4eeb7c0f15cb9b7c4a5fb6f45308dc2fd"},
    {file = "cytoolz-0.12.0-pp39-pypy39_pp73-macosx_10_9_x86_64.whl", hash = "sha256:8060be3b1fa24a4e3b165ce3c0ee6048f5e181289af57dbd9e3c4d4b8545dd78"},
    {file = "cytoolz-0.12.0-pp39-pypy39_pp73-manylinux_2_17_aarch64.manylinux2014_aarch64.whl", hash = "sha256:9e32292721f16516a574891a1af6760cba37a0f426a2b2cea6f9d560131a76ea"},
    {file = "cytoolz-0.12.0-pp39-pypy39_pp73-manylinux_2_5_i686.manylinux1_i686.manylinux_2_17_i686.manylinux2014_i686.whl", hash = "sha256:6aade6ebb4507330b0540af58dc2804415945611e90c70bb97360973e487c48a"},
    {file = "cytoolz-0.12.0-pp39-pypy39_pp73-manylinux_2_5_x86_64.manylinux1_x86_64.manylinux_2_17_x86_64.manylinux2014_x86_64.whl", hash = "sha256:f909760f89a54d860cf960b4cd828f9f6301fb104cd0de5b15b16822c9c4828b"},
    {file = "cytoolz-0.12.0-pp39-pypy39_pp73-win_amd64.whl", hash = "sha256:a8e69c9f3a32e0f9331cf6707a0f159c6dec0ff2a9f41507f6b2d06cd423f0d0"},
    {file = "cytoolz-0.12.0.tar.gz", hash = "sha256:c105b05f85e03fbcd60244375968e62e44fe798c15a3531c922d531018d22412"},
]
importlib-metadata = [
    {file = "importlib_metadata-4.12.0-py3-none-any.whl", hash = "sha256:7401a975809ea1fdc658c3aa4f78cc2195a0e019c5cbc4c06122884e9ae80c23"},
    {file = "importlib_metadata-4.12.0.tar.gz", hash = "sha256:637245b8bab2b6502fcbc752cc4b7a6f6243bb02b31c5c26156ad103d3d45670"},
]
iniconfig = [
    {file = "iniconfig-1.1.1-py2.py3-none-any.whl", hash = "sha256:011e24c64b7f47f6ebd835bb12a743f2fbe9a26d4cecaa7f53bc4f35ee9da8b3"},
    {file = "iniconfig-1.1.1.tar.gz", hash = "sha256:bc3af051d7d14b2ee5ef9969666def0cd1a000e121eaea580d4a313df4b37f32"},
]
packaging = [
    {file = "packaging-21.3-py3-none-any.whl", hash = "sha256:ef103e05f519cdc783ae24ea4e2e0f508a9c99b2d4969652eed6a2e1ea5bd522"},
    {file = "packaging-21.3.tar.gz", hash = "sha256:dd47c42927d89ab911e606518907cc2d3a1f38bbd026385970643f9c5b8ecfeb"},
]
pluggy = [
    {file = "pluggy-1.0.0-py2.py3-none-any.whl", hash = "sha256:74134bbf457f031a36d68416e1509f34bd5ccc019f0bcc952c7b909d06b37bd3"},
    {file = "pluggy-1.0.0.tar.gz", hash = "sha256:4224373bacce55f955a878bf9cfa763c1e360858e330072059e10bad68531159"},
]
py = [
    {file = "py-1.11.0-py2.py3-none-any.whl", hash = "sha256:607c53218732647dff4acdfcd50cb62615cedf612e72d1724fb1a0cc6405b378"},
    {file = "py-1.11.0.tar.gz", hash = "sha256:51c75c4126074b472f746a24399ad32f6053d1b34b68d2fa41e558e6f4a98719"},
]
py4j = [
    {file = "py4j-0.10.9-py2.py3-none-any.whl", hash = "sha256:859ba728a7bb43e9c2bf058832759fb97a598bb28cc12f34f5fc4abdec08ede6"},
    {file = "py4j-0.10.9.tar.gz", hash = "sha256:36ec57f43ff8ced260a18aa9a4e46c3500a730cac8860e259cbaa546c2b9db2f"},
]
pyparsing = [
    {file = "pyparsing-3.0.9-py3-none-any.whl", hash = "sha256:5026bae9a10eeaefb61dab2f09052b9f4307d44aee4eda64b309723d8d206bbc"},
    {file = "pyparsing-3.0.9.tar.gz", hash = "sha256:2b020ecf7d21b687f219b71ecad3631f644a47f01403fa1d1036b0c6416d70fb"},
]
pyspark = [
    {file = "pyspark-3.0.0.tar.gz", hash = "sha256:8c6e5cc51d91eb8d43e81d0b7093292b5e144ac81445491d5f887d2cf4fe121f"},
]
pytest = [
    {file = "pytest-7.1.2-py3-none-any.whl", hash = "sha256:13d0e3ccfc2b6e26be000cb6568c832ba67ba32e719443bfe725814d3c42433c"},
    {file = "pytest-7.1.2.tar.gz", hash = "sha256:a06a0425453864a270bc45e71f783330a7428defb4230fb5e6a731fde06ecd45"},
]
pytest-describe = [
    {file = "pytest-describe-2.0.1.tar.gz", hash = "sha256:e5cbaa31169f0060348ad5ca0191027e5f1f41f3f27fdeef208365e09c55eb9a"},
    {file = "pytest_describe-2.0.1-py3-none-any.whl", hash = "sha256:ea347838bdf774b498ee7cb4a0b802a40be89e667a399fb63d860e3223bf4183"},
]
tomli = [
    {file = "tomli-2.0.1-py3-none-any.whl", hash = "sha256:939de3e7a6161af0c887ef91b7d41a53e7c5a1ca976325f429cb46ea9bc30ecc"},
    {file = "tomli-2.0.1.tar.gz", hash = "sha256:de526c12914f0c550d15924c62d72abc48d6fe7364aa87328337a31007fe8a4f"},
]
toolz = [
    {file = "toolz-0.12.0-py3-none-any.whl", hash = "sha256:2059bd4148deb1884bb0eb770a3cde70e7f954cfbbdc2285f1f2de01fd21eb6f"},
    {file = "toolz-0.12.0.tar.gz", hash = "sha256:88c570861c440ee3f2f6037c4654613228ff40c93a6c25e0eba70d17282c6194"},
]
typing-extensions = [
    {file = "typing_extensions-4.3.0-py3-none-any.whl", hash = "sha256:25642c956049920a5aa49edcdd6ab1e06d7e5d467fc00e0506c44ac86fbfca02"},
    {file = "typing_extensions-4.3.0.tar.gz", hash = "sha256:e6d2677a32f47fc7eb2795db1dd15c1f34eff616bcaf2cfb5e997f854fa1c4a6"},
]
zipp = [
    {file = "zipp-3.8.1-py3-none-any.whl", hash = "sha256:47c40d7fe183a6f21403a199b3e4192cca5774656965b0a4988ad2f8feb5f009"},
    {file = "zipp-3.8.1.tar.gz", hash = "sha256:05b45f1ee8f807d0cc928485ca40a07cb491cf092ff587c0df9cb1fd154848d2"},
]
