# This file is automatically @generated by Poetry and should not be changed by hand.

[[package]]
name = "chispa"
version = "0.7.0"
description = "Pyspark test helper library"
category = "dev"
optional = false
python-versions = ">2.7"
files = [
    {file = "chispa-0.7.0-py2.py3-none-any.whl", hash = "sha256:6ee7825588246d89cf5397590bdeafef2df6fec126b9d0167614ee545991cc5a"},
    {file = "chispa-0.7.0.tar.gz", hash = "sha256:ea0bd7a02a13d1ca9f7a70484fa921552846343dc3c0c61ef067d723be53a229"},
]

[[package]]
name = "colorama"
version = "0.3.9"
description = "Cross-platform colored terminal text."
category = "dev"
optional = false
python-versions = "*"
files = [
    {file = "colorama-0.3.9-py2.py3-none-any.whl", hash = "sha256:463f8483208e921368c9f306094eb6f725c6ca42b0f97e313cb5d5512459feda"},
    {file = "colorama-0.3.9.tar.gz", hash = "sha256:48eb22f4f8461b1df5734a074b57042430fb06e1d61bd1e11b078c0fe6d7a1f1"},
]

[[package]]
name = "py"
version = "1.11.0"
description = "library with cross-python path, ini-parsing, io, code, log facilities"
category = "dev"
optional = false
python-versions = ">=2.7, !=3.0.*, !=3.1.*, !=3.2.*, !=3.3.*, !=3.4.*"
files = [
    {file = "py-1.11.0-py2.py3-none-any.whl", hash = "sha256:607c53218732647dff4acdfcd50cb62615cedf612e72d1724fb1a0cc6405b378"},
    {file = "py-1.11.0.tar.gz", hash = "sha256:51c75c4126074b472f746a24399ad32f6053d1b34b68d2fa41e558e6f4a98719"},
]

[[package]]
name = "py4j"
version = "0.10.9"
description = "Enables Python programs to dynamically access arbitrary Java objects"
category = "dev"
optional = false
python-versions = "*"
files = [
    {file = "py4j-0.10.9-py2.py3-none-any.whl", hash = "sha256:859ba728a7bb43e9c2bf058832759fb97a598bb28cc12f34f5fc4abdec08ede6"},
    {file = "py4j-0.10.9.tar.gz", hash = "sha256:36ec57f43ff8ced260a18aa9a4e46c3500a730cac8860e259cbaa546c2b9db2f"},
]

[[package]]
name = "pyspark"
version = "3.0.1"
description = "Apache Spark Python API"
category = "dev"
optional = false
python-versions = "*"
files = [
    {file = "pyspark-3.0.1.tar.gz", hash = "sha256:38b485d3634a86c9a2923c39c8f08f003fdd0e0a3d7f07114b2fb4392ce60479"},
]

[package.dependencies]
py4j = "0.10.9"

[package.extras]
ml = ["numpy (>=1.7)"]
mllib = ["numpy (>=1.7)"]
sql = ["pandas (>=0.23.2)", "pyarrow (>=0.15.1)"]

[[package]]
name = "pytest"
version = "3.2.2"
description = "pytest: simple powerful testing with Python"
category = "dev"
optional = false
python-versions = "*"
files = [
    {file = "pytest-3.2.2-py2.py3-none-any.whl", hash = "sha256:b84f554f8ddc23add65c411bf112b2d88e2489fd45f753b1cae5936358bdf314"},
    {file = "pytest-3.2.2.tar.gz", hash = "sha256:f46e49e0340a532764991c498244a60e3a37d7424a532b3ff1a6a7653f1a403a"},
]

[package.dependencies]
colorama = {version = "*", markers = "sys_platform == \"win32\""}
py = ">=1.4.33"
setuptools = "*"

[[package]]
name = "pytest-describe"
version = "1.0.0"
description = "Describe-style plugin for pytest"
category = "dev"
optional = false
python-versions = "*"
files = [
    {file = "pytest-describe-1.0.0.tar.gz", hash = "sha256:3e2ea0e77efa09edb98cf90423bf1da21a462ed90bd3120f8f98fe7519a167d5"},
    {file = "pytest_describe-1.0.0-py2-none-any.whl", hash = "sha256:cc3862662faa5a6fb721927aaef46b46cf787e4a8163e5459fc8778e650fabad"},
    {file = "pytest_describe-1.0.0-py3-none-any.whl", hash = "sha256:95fe78639d4d16c4a1e7d62c70f63030b217c08d2ee6dca49559fe6e730c6696"},
]

[package.dependencies]
pytest = ">=2.6.0"

[[package]]
name = "setuptools"
version = "50.3.2"
description = "Easily download, build, install, upgrade, and uninstall Python packages"
category = "dev"
optional = false
python-versions = ">=3.5"
files = [
    {file = "setuptools-50.3.2-py3-none-any.whl", hash = "sha256:2c242a0856fbad7efbe560df4a7add9324f340cf48df43651e9604924466794a"},
    {file = "setuptools-50.3.2.zip", hash = "sha256:ed0519d27a243843b05d82a5e9d01b0b083d9934eaa3d02779a23da18077bd3c"},
]

[package.extras]
certs = ["certifi (==2016.9.26)"]
docs = ["jaraco.packaging (>=6.1)", "pygments-github-lexers (==0.0.5)", "rst.linker (>=1.9)", "sphinx"]
ssl = ["wincertstore (==0.2)"]
tests = ["coverage (>=4.5.1)", "flake8-2020", "jaraco.envs", "jaraco.test (>=3.1.1)", "mock", "paver", "pip (>=19.1)", "pytest (>=3.7)", "pytest-cov (>=2.5.1)", "pytest-flake8", "pytest-virtualenv (>=1.2.7)", "virtualenv (>=13.0.0)", "wheel"]

[metadata]
lock-version = "2.0"
python-versions = ">3.5"
content-hash = "9435b36aa1aa5562212bfa746043f07ccc8f10139a59615d21140617f4882785"
